{
  "requires": true,
  "lockfileVersion": 1,
  "dependencies": {
    "@types/bson": {
      "version": "1.0.11",
      "resolved": "https://registry.npmjs.org/@types/bson/-/bson-1.0.11.tgz",
      "integrity": "sha512-j+UcCWI+FsbI5/FQP/Kj2CXyplWAz39ktHFkXk84h7dNblKRSoNJs95PZFRd96NQGqsPEPgeclqnznWZr14ZDA==",
      "requires": {
        "@types/node": "*"
      }
    },
    "@types/mongodb": {
      "version": "3.1.11",
      "resolved": "https://registry.npmjs.org/@types/mongodb/-/mongodb-3.1.11.tgz",
      "integrity": "sha512-4/NH5+kBgZXAi1h1Bq1k5XrhDmefiNxblhjiz+kyShTWyuqAl1JuQ88bjXrYZZomfojCXOodUI2SPu60LLM+OA==",
      "requires": {
        "@types/bson": "*",
        "@types/node": "*"
      }
    },
    "@types/mongoose": {
      "version": "5.2.18",
      "resolved": "https://registry.npmjs.org/@types/mongoose/-/mongoose-5.2.18.tgz",
      "integrity": "sha512-aMYPrcwz6JcZ23U7Me/mNORWuQo667GRhBR1G1NRvLqaFheC4yy8jsrj2qaGzbm+TSawQvY+RO7NGQ/y3BdPEA==",
      "requires": {
        "@types/mongodb": "*",
        "@types/node": "*"
      }
    },
    "@types/node": {
      "version": "10.11.5",
      "resolved": "https://registry.npmjs.org/@types/node/-/node-10.11.5.tgz",
      "integrity": "sha512-3j1EFLfrjYRHRFjBb+RIXXwr1YGzcfpQVMP39thZa6tMY+JjVgQddPF+hsdV800JqbuLwpwAWclDpbGSAw44vQ=="
    }
  }
}
